// !$*UTF8*$!
{
	archiveVersion = 1;
	classes = {
	};
	objectVersion = 46;
	objects = {

/* Begin PBXBuildFile section */
		741C5B6A19021F3E00B21BF7 /* Foundation.framework in Frameworks */ = {isa = PBXBuildFile; fileRef = 741C5B6919021F3E00B21BF7 /* Foundation.framework */; };
		741C5B6C19021F3E00B21BF7 /* CoreGraphics.framework in Frameworks */ = {isa = PBXBuildFile; fileRef = 741C5B6B19021F3E00B21BF7 /* CoreGraphics.framework */; };
		741C5B6E19021F3E00B21BF7 /* UIKit.framework in Frameworks */ = {isa = PBXBuildFile; fileRef = 741C5B6D19021F3E00B21BF7 /* UIKit.framework */; };
		741C5B7419021F3E00B21BF7 /* InfoPlist.strings in Resources */ = {isa = PBXBuildFile; fileRef = 741C5B7219021F3E00B21BF7 /* InfoPlist.strings */; };
		741C5B7619021F3E00B21BF7 /* main.m in Sources */ = {isa = PBXBuildFile; fileRef = 741C5B7519021F3E00B21BF7 /* main.m */; };
		741C5B7A19021F3E00B21BF7 /* BNRAppDelegate.m in Sources */ = {isa = PBXBuildFile; fileRef = 741C5B7919021F3E00B21BF7 /* BNRAppDelegate.m */; };
		741C5B7C19021F3E00B21BF7 /* Images.xcassets in Resources */ = {isa = PBXBuildFile; fileRef = 741C5B7B19021F3E00B21BF7 /* Images.xcassets */; };
		741C5B8319021F3E00B21BF7 /* XCTest.framework in Frameworks */ = {isa = PBXBuildFile; fileRef = 741C5B8219021F3E00B21BF7 /* XCTest.framework */; };
		741C5B8419021F3F00B21BF7 /* Foundation.framework in Frameworks */ = {isa = PBXBuildFile; fileRef = 741C5B6919021F3E00B21BF7 /* Foundation.framework */; };
		741C5B8519021F3F00B21BF7 /* UIKit.framework in Frameworks */ = {isa = PBXBuildFile; fileRef = 741C5B6D19021F3E00B21BF7 /* UIKit.framework */; };
		741C5B8D19021F3F00B21BF7 /* InfoPlist.strings in Resources */ = {isa = PBXBuildFile; fileRef = 741C5B8B19021F3F00B21BF7 /* InfoPlist.strings */; };
		741C5B8F19021F3F00B21BF7 /* HomepwnerTests.m in Sources */ = {isa = PBXBuildFile; fileRef = 741C5B8E19021F3F00B21BF7 /* HomepwnerTests.m */; };
/* End PBXBuildFile section */

/* Begin PBXContainerItemProxy section */
		741C5B8619021F3F00B21BF7 /* PBXContainerItemProxy */ = {
			isa = PBXContainerItemProxy;
			containerPortal = 741C5B5E19021F3E00B21BF7 /* Project object */;
			proxyType = 1;
			remoteGlobalIDString = 741C5B6519021F3E00B21BF7;
			remoteInfo = Homepwner;
		};
/* End PBXContainerItemProxy section */

/* Begin PBXFileReference section */
		741C5B6619021F3E00B21BF7 /* Homepwner.app */ = {isa = PBXFileReference; explicitFileType = wrapper.application; includeInIndex = 0; path = Homepwner.app; sourceTree = BUILT_PRODUCTS_DIR; };
		741C5B6919021F3E00B21BF7 /* Foundation.framework */ = {isa = PBXFileReference; lastKnownFileType = wrapper.framework; name = Foundation.framework; path = System/Library/Frameworks/Foundation.framework; sourceTree = SDKROOT; };
		741C5B6B19021F3E00B21BF7 /* CoreGraphics.framework */ = {isa = PBXFileReference; lastKnownFileType = wrapper.framework; name = CoreGraphics.framework; path = System/Library/Frameworks/CoreGraphics.framework; sourceTree = SDKROOT; };
		741C5B6D19021F3E00B21BF7 /* UIKit.framework */ = {isa = PBXFileReference; lastKnownFileType = wrapper.framework; name = UIKit.framework; path = System/Library/Frameworks/UIKit.framework; sourceTree = SDKROOT; };
		741C5B7119021F3E00B21BF7 /* Homepwner-Info.plist */ = {isa = PBXFileReference; lastKnownFileType = text.plist.xml; path = "Homepwner-Info.plist"; sourceTree = "<group>"; };
		741C5B7319021F3E00B21BF7 /* en */ = {isa = PBXFileReference; lastKnownFileType = text.plist.strings; name = en; path = en.lproj/InfoPlist.strings; sourceTree = "<group>"; };
		741C5B7519021F3E00B21BF7 /* main.m */ = {isa = PBXFileReference; lastKnownFileType = sourcecode.c.objc; path = main.m; sourceTree = "<group>"; };
		741C5B7719021F3E00B21BF7 /* Homepwner-Prefix.pch */ = {isa = PBXFileReference; lastKnownFileType = sourcecode.c.h; path = "Homepwner-Prefix.pch"; sourceTree = "<group>"; };
		741C5B7819021F3E00B21BF7 /* BNRAppDelegate.h */ = {isa = PBXFileReference; lastKnownFileType = sourcecode.c.h; path = BNRAppDelegate.h; sourceTree = "<group>"; };
		741C5B7919021F3E00B21BF7 /* BNRAppDelegate.m */ = {isa = PBXFileReference; lastKnownFileType = sourcecode.c.objc; path = BNRAppDelegate.m; sourceTree = "<group>"; };
		741C5B7B19021F3E00B21BF7 /* Images.xcassets */ = {isa = PBXFileReference; lastKnownFileType = folder.assetcatalog; path = Images.xcassets; sourceTree = "<group>"; };
		741C5B8119021F3E00B21BF7 /* HomepwnerTests.xctest */ = {isa = PBXFileReference; explicitFileType = wrapper.cfbundle; includeInIndex = 0; path = HomepwnerTests.xctest; sourceTree = BUILT_PRODUCTS_DIR; };
		741C5B8219021F3E00B21BF7 /* XCTest.framework */ = {isa = PBXFileReference; lastKnownFileType = wrapper.framework; name = XCTest.framework; path = Library/Frameworks/XCTest.framework; sourceTree = DEVELOPER_DIR; };
		741C5B8A19021F3F00B21BF7 /* HomepwnerTests-Info.plist */ = {isa = PBXFileReference; lastKnownFileType = text.plist.xml; path = "HomepwnerTests-Info.plist"; sourceTree = "<group>"; };
		741C5B8C19021F3F00B21BF7 /* en */ = {isa = PBXFileReference; lastKnownFileType = text.plist.strings; name = en; path = en.lproj/InfoPlist.strings; sourceTree = "<group>"; };
		741C5B8E19021F3F00B21BF7 /* HomepwnerTests.m */ = {isa = PBXFileReference; lastKnownFileType = sourcecode.c.objc; path = HomepwnerTests.m; sourceTree = "<group>"; };
/* End PBXFileReference section */

/* Begin PBXFrameworksBuildPhase section */
		741C5B6319021F3E00B21BF7 /* Frameworks */ = {
			isa = PBXFrameworksBuildPhase;
			buildActionMask = 2147483647;
			files = (
				741C5B6C19021F3E00B21BF7 /* CoreGraphics.framework in Frameworks */,
				741C5B6E19021F3E00B21BF7 /* UIKit.framework in Frameworks */,
				741C5B6A19021F3E00B21BF7 /* Foundation.framework in Frameworks */,
			);
			runOnlyForDeploymentPostprocessing = 0;
		};
		741C5B7E19021F3E00B21BF7 /* Frameworks */ = {
			isa = PBXFrameworksBuildPhase;
			buildActionMask = 2147483647;
			files = (
				741C5B8319021F3E00B21BF7 /* XCTest.framework in Frameworks */,
				741C5B8519021F3F00B21BF7 /* UIKit.framework in Frameworks */,
				741C5B8419021F3F00B21BF7 /* Foundation.framework in Frameworks */,
			);
			runOnlyForDeploymentPostprocessing = 0;
		};
/* End PBXFrameworksBuildPhase section */

/* Begin PBXGroup section */
		741C5B5D19021F3E00B21BF7 = {
			isa = PBXGroup;
			children = (
				741C5B6F19021F3E00B21BF7 /* Homepwner */,
				741C5B8819021F3F00B21BF7 /* HomepwnerTests */,
				741C5B6819021F3E00B21BF7 /* Frameworks */,
				741C5B6719021F3E00B21BF7 /* Products */,
			);
			sourceTree = "<group>";
		};
		741C5B6719021F3E00B21BF7 /* Products */ = {
			isa = PBXGroup;
			children = (
				741C5B6619021F3E00B21BF7 /* Homepwner.app */,
				741C5B8119021F3E00B21BF7 /* HomepwnerTests.xctest */,
			);
			name = Products;
			sourceTree = "<group>";
		};
		741C5B6819021F3E00B21BF7 /* Frameworks */ = {
			isa = PBXGroup;
			children = (
				741C5B6919021F3E00B21BF7 /* Foundation.framework */,
				741C5B6B19021F3E00B21BF7 /* CoreGraphics.framework */,
				741C5B6D19021F3E00B21BF7 /* UIKit.framework */,
				741C5B8219021F3E00B21BF7 /* XCTest.framework */,
			);
			name = Frameworks;
			sourceTree = "<group>";
		};
		741C5B6F19021F3E00B21BF7 /* Homepwner */ = {
			isa = PBXGroup;
			children = (
				741C5B7819021F3E00B21BF7 /* BNRAppDelegate.h */,
				741C5B7919021F3E00B21BF7 /* BNRAppDelegate.m */,
				741C5B7B19021F3E00B21BF7 /* Images.xcassets */,
				741C5B7019021F3E00B21BF7 /* Supporting Files */,
			);
			path = Homepwner;
			sourceTree = "<group>";
		};
		741C5B7019021F3E00B21BF7 /* Supporting Files */ = {
			isa = PBXGroup;
			children = (
				741C5B7119021F3E00B21BF7 /* Homepwner-Info.plist */,
				741C5B7219021F3E00B21BF7 /* InfoPlist.strings */,
				741C5B7519021F3E00B21BF7 /* main.m */,
				741C5B7719021F3E00B21BF7 /* Homepwner-Prefix.pch */,
			);
			name = "Supporting Files";
			sourceTree = "<group>";
		};
		741C5B8819021F3F00B21BF7 /* HomepwnerTests */ = {
			isa = PBXGroup;
			children = (
				741C5B8E19021F3F00B21BF7 /* HomepwnerTests.m */,
				741C5B8919021F3F00B21BF7 /* Supporting Files */,
			);
			path = HomepwnerTests;
			sourceTree = "<group>";
		};
		741C5B8919021F3F00B21BF7 /* Supporting Files */ = {
			isa = PBXGroup;
			children = (
				741C5B8A19021F3F00B21BF7 /* HomepwnerTests-Info.plist */,
				741C5B8B19021F3F00B21BF7 /* InfoPlist.strings */,
			);
			name = "Supporting Files";
			sourceTree = "<group>";
		};
/* End PBXGroup section */

/* Begin PBXNativeTarget section */
		741C5B6519021F3E00B21BF7 /* Homepwner */ = {
			isa = PBXNativeTarget;
			buildConfigurationList = 741C5B9219021F3F00B21BF7 /* Build configuration list for PBXNativeTarget "Homepwner" */;
			buildPhases = (
				741C5B6219021F3E00B21BF7 /* Sources */,
				741C5B6319021F3E00B21BF7 /* Frameworks */,
				741C5B6419021F3E00B21BF7 /* Resources */,
			);
			buildRules = (
			);
			dependencies = (
			);
			name = Homepwner;
			productName = Homepwner;
			productReference = 741C5B6619021F3E00B21BF7 /* Homepwner.app */;
			productType = "com.apple.product-type.application";
		};
		741C5B8019021F3E00B21BF7 /* HomepwnerTests */ = {
			isa = PBXNativeTarget;
			buildConfigurationList = 741C5B9519021F3F00B21BF7 /* Build configuration list for PBXNativeTarget "HomepwnerTests" */;
			buildPhases = (
				741C5B7D19021F3E00B21BF7 /* Sources */,
				741C5B7E19021F3E00B21BF7 /* Frameworks */,
				741C5B7F19021F3E00B21BF7 /* Resources */,
			);
			buildRules = (
			);
			dependencies = (
				741C5B8719021F3F00B21BF7 /* PBXTargetDependency */,
			);
			name = HomepwnerTests;
			productName = HomepwnerTests;
			productReference = 741C5B8119021F3E00B21BF7 /* HomepwnerTests.xctest */;
			productType = "com.apple.product-type.bundle.unit-test";
		};
/* End PBXNativeTarget section */

/* Begin PBXProject section */
		741C5B5E19021F3E00B21BF7 /* Project object */ = {
			isa = PBXProject;
			attributes = {
				CLASSPREFIX = BNR;
				LastUpgradeCheck = 0510;
				ORGANIZATIONNAME = "Jokinryou Tsui";
				TargetAttributes = {
					741C5B8019021F3E00B21BF7 = {
						TestTargetID = 741C5B6519021F3E00B21BF7;
					};
				};
			};
			buildConfigurationList = 741C5B6119021F3E00B21BF7 /* Build configuration list for PBXProject "Homepwner" */;
			compatibilityVersion = "Xcode 3.2";
			developmentRegion = English;
			hasScannedForEncodings = 0;
			knownRegions = (
				en,
			);
			mainGroup = 741C5B5D19021F3E00B21BF7;
			productRefGroup = 741C5B6719021F3E00B21BF7 /* Products */;
			projectDirPath = "";
			projectRoot = "";
			targets = (
				741C5B6519021F3E00B21BF7 /* Homepwner */,
				741C5B8019021F3E00B21BF7 /* HomepwnerTests */,
			);
		};
/* End PBXProject section */

/* Begin PBXResourcesBuildPhase section */
		741C5B6419021F3E00B21BF7 /* Resources */ = {
			isa = PBXResourcesBuildPhase;
			buildActionMask = 2147483647;
			files = (
				741C5B7419021F3E00B21BF7 /* InfoPlist.strings in Resources */,
				741C5B7C19021F3E00B21BF7 /* Images.xcassets in Resources */,
			);
			runOnlyForDeploymentPostprocessing = 0;
		};
		741C5B7F19021F3E00B21BF7 /* Resources */ = {
			isa = PBXResourcesBuildPhase;
			buildActionMask = 2147483647;
			files = (
				741C5B8D19021F3F00B21BF7 /* InfoPlist.strings in Resources */,
			);
			runOnlyForDeploymentPostprocessing = 0;
		};
/* End PBXResourcesBuildPhase section */

/* Begin PBXSourcesBuildPhase section */
		741C5B6219021F3E00B21BF7 /* Sources */ = {
			isa = PBXSourcesBuildPhase;
			buildActionMask = 2147483647;
			files = (
				741C5B7619021F3E00B21BF7 /* main.m in Sources */,
				741C5B7A19021F3E00B21BF7 /* BNRAppDelegate.m in Sources */,
			);
			runOnlyForDeploymentPostprocessing = 0;
		};
		741C5B7D19021F3E00B21BF7 /* Sources */ = {
			isa = PBXSourcesBuildPhase;
			buildActionMask = 2147483647;
			files = (
				741C5B8F19021F3F00B21BF7 /* HomepwnerTests.m in Sources */,
			);
			runOnlyForDeploymentPostprocessing = 0;
		};
/* End PBXSourcesBuildPhase section */

/* Begin PBXTargetDependency section */
		741C5B8719021F3F00B21BF7 /* PBXTargetDependency */ = {
			isa = PBXTargetDependency;
			target = 741C5B6519021F3E00B21BF7 /* Homepwner */;
			targetProxy = 741C5B8619021F3F00B21BF7 /* PBXContainerItemProxy */;
		};
/* End PBXTargetDependency section */

/* Begin PBXVariantGroup section */
		741C5B7219021F3E00B21BF7 /* InfoPlist.strings */ = {
			isa = PBXVariantGroup;
			children = (
				741C5B7319021F3E00B21BF7 /* en */,
			);
			name = InfoPlist.strings;
			sourceTree = "<group>";
		};
		741C5B8B19021F3F00B21BF7 /* InfoPlist.strings */ = {
			isa = PBXVariantGroup;
			children = (
				741C5B8C19021F3F00B21BF7 /* en */,
			);
			name = InfoPlist.strings;
			sourceTree = "<group>";
		};
/* End PBXVariantGroup section */

/* Begin XCBuildConfiguration section */
		741C5B9019021F3F00B21BF7 /* Debug */ = {
			isa = XCBuildConfiguration;
			buildSettings = {
				ALWAYS_SEARCH_USER_PATHS = NO;
				CLANG_CXX_LANGUAGE_STANDARD = "gnu++0x";
				CLANG_CXX_LIBRARY = "libc++";
				CLANG_ENABLE_MODULES = YES;
				CLANG_ENABLE_OBJC_ARC = YES;
				CLANG_WARN_BOOL_CONVERSION = YES;
				CLANG_WARN_CONSTANT_CONVERSION = YES;
				CLANG_WARN_DIRECT_OBJC_ISA_USAGE = YES_ERROR;
				CLANG_WARN_EMPTY_BODY = YES;
				CLANG_WARN_ENUM_CONVERSION = YES;
				CLANG_WARN_INT_CONVERSION = YES;
				CLANG_WARN_OBJC_ROOT_CLASS = YES_ERROR;
				CLANG_WARN__DUPLICATE_METHOD_MATCH = YES;
				"CODE_SIGN_IDENTITY[sdk=iphoneos*]" = "iPhone Developer";
				COPY_PHASE_STRIP = NO;
				GCC_C_LANGUAGE_STANDARD = gnu99;
				GCC_DYNAMIC_NO_PIC = NO;
				GCC_OPTIMIZATION_LEVEL = 0;
				GCC_PREPROCESSOR_DEFINITIONS = (
					"DEBUG=1",
					"$(inherited)",
				);
				GCC_SYMBOLS_PRIVATE_EXTERN = NO;
				GCC_WARN_64_TO_32_BIT_CONVERSION = YES;
				GCC_WARN_ABOUT_RETURN_TYPE = YES_ERROR;
				GCC_WARN_UNDECLARED_SELECTOR = YES;
				GCC_WARN_UNINITIALIZED_AUTOS = YES_AGGRESSIVE;
				GCC_WARN_UNUSED_FUNCTION = YES;
				GCC_WARN_UNUSED_VARIABLE = YES;
				IPHONEOS_DEPLOYMENT_TARGET = 7.1;
				ONLY_ACTIVE_ARCH = YES;
				SDKROOT = iphoneos;
			};
			name = Debug;
		};
		741C5B9119021F3F00B21BF7 /* Release */ = {
			isa = XCBuildConfiguration;
			buildSettings = {
				ALWAYS_SEARCH_USER_PATHS = NO;
				CLANG_CXX_LANGUAGE_STANDARD = "gnu++0x";
				CLANG_CXX_LIBRARY = "libc++";
				CLANG_ENABLE_MODULES = YES;
				CLANG_ENABLE_OBJC_ARC = YES;
				CLANG_WARN_BOOL_CONVERSION = YES;
				CLANG_WARN_CONSTANT_CONVERSION = YES;
				CLANG_WARN_DIRECT_OBJC_ISA_USAGE = YES_ERROR;
				CLANG_WARN_EMPTY_BODY = YES;
				CLANG_WARN_ENUM_CONVERSION = YES;
				CLANG_WARN_INT_CONVERSION = YES;
				CLANG_WARN_OBJC_ROOT_CLASS = YES_ERROR;
				CLANG_WARN__DUPLICATE_METHOD_MATCH = YES;
				"CODE_SIGN_IDENTITY[sdk=iphoneos*]" = "iPhone Developer";
				COPY_PHASE_STRIP = YES;
				ENABLE_NS_ASSERTIONS = NO;
				GCC_C_LANGUAGE_STANDARD = gnu99;
				GCC_WARN_64_TO_32_BIT_CONVERSION = YES;
				GCC_WARN_ABOUT_RETURN_TYPE = YES_ERROR;
				GCC_WARN_UNDECLARED_SELECTOR = YES;
				GCC_WARN_UNINITIALIZED_AUTOS = YES_AGGRESSIVE;
				GCC_WARN_UNUSED_FUNCTION = YES;
				GCC_WARN_UNUSED_VARIABLE = YES;
				IPHONEOS_DEPLOYMENT_TARGET = 7.1;
				SDKROOT = iphoneos;
				VALIDATE_PRODUCT = YES;
			};
			name = Release;
		};
		741C5B9319021F3F00B21BF7 /* Debug */ = {
			isa = XCBuildConfiguration;
			buildSettings = {
				ASSETCATALOG_COMPILER_APPICON_NAME = AppIcon;
				ASSETCATALOG_COMPILER_LAUNCHIMAGE_NAME = LaunchImage;
				GCC_PRECOMPILE_PREFIX_HEADER = YES;
				GCC_PREFIX_HEADER = "Homepwner/Homepwner-Prefix.pch";
				INFOPLIST_FILE = "Homepwner/Homepwner-Info.plist";
				PRODUCT_NAME = "$(TARGET_NAME)";
				WRAPPER_EXTENSION = app;
			};
			name = Debug;
		};
		741C5B9419021F3F00B21BF7 /* Release */ = {
			isa = XCBuildConfiguration;
			buildSettings = {
				ASSETCATALOG_COMPILER_APPICON_NAME = AppIcon;
				ASSETCATALOG_COMPILER_LAUNCHIMAGE_NAME = LaunchImage;
				GCC_PRECOMPILE_PREFIX_HEADER = YES;
				GCC_PREFIX_HEADER = "Homepwner/Homepwner-Prefix.pch";
				INFOPLIST_FILE = "Homepwner/Homepwner-Info.plist";
				PRODUCT_NAME = "$(TARGET_NAME)";
				WRAPPER_EXTENSION = app;
			};
			name = Release;
		};
		741C5B9619021F3F00B21BF7 /* Debug */ = {
			isa = XCBuildConfiguration;
			buildSettings = {
				BUNDLE_LOADER = "$(BUILT_PRODUCTS_DIR)/Homepwner.app/Homepwner";
				FRAMEWORK_SEARCH_PATHS = (
					"$(SDKROOT)/Developer/Library/Frameworks",
					"$(inherited)",
					"$(DEVELOPER_FRAMEWORKS_DIR)",
				);
				GCC_PRECOMPILE_PREFIX_HEADER = YES;
				GCC_PREFIX_HEADER = "Homepwner/Homepwner-Prefix.pch";
				GCC_PREPROCESSOR_DEFINITIONS = (
					"DEBUG=1",
					"$(inherited)",
				);
				INFOPLIST_FILE = "HomepwnerTests/HomepwnerTests-Info.plist";
				PRODUCT_NAME = "$(TARGET_NAME)";
				TEST_HOST = "$(BUNDLE_LOADER)";
				WRAPPER_EXTENSION = xctest;
			};
			name = Debug;
		};
		741C5B9719021F3F00B21BF7 /* Release */ = {
			isa = XCBuildConfiguration;
			buildSettings = {
				BUNDLE_LOADER = "$(BUILT_PRODUCTS_DIR)/Homepwner.app/Homepwner";
				FRAMEWORK_SEARCH_PATHS = (
					"$(SDKROOT)/Developer/Library/Frameworks",
					"$(inherited)",
					"$(DEVELOPER_FRAMEWORKS_DIR)",
				);
				GCC_PRECOMPILE_PREFIX_HEADER = YES;
				GCC_PREFIX_HEADER = "Homepwner/Homepwner-Prefix.pch";
				INFOPLIST_FILE = "HomepwnerTests/HomepwnerTests-Info.plist";
				PRODUCT_NAME = "$(TARGET_NAME)";
				TEST_HOST = "$(BUNDLE_LOADER)";
				WRAPPER_EXTENSION = xctest;
			};
			name = Release;
		};
/* End XCBuildConfiguration section */

/* Begin XCConfigurationList section */
		741C5B6119021F3E00B21BF7 /* Build configuration list for PBXProject "Homepwner" */ = {
			isa = XCConfigurationList;
			buildConfigurations = (
				741C5B9019021F3F00B21BF7 /* Debug */,
				741C5B9119021F3F00B21BF7 /* Release */,
			);
			defaultConfigurationIsVisible = 0;
			defaultConfigurationName = Release;
		};
		741C5B9219021F3F00B21BF7 /* Build configuration list for PBXNativeTarget "Homepwner" */ = {
			isa = XCConfigurationList;
			buildConfigurations = (
				741C5B9319021F3F00B21BF7 /* Debug */,
				741C5B9419021F3F00B21BF7 /* Release */,
			);
			defaultConfigurationIsVisible = 0;
		};
		741C5B9519021F3F00B21BF7 /* Build configuration list for PBXNativeTarget "HomepwnerTests" */ = {
			isa = XCConfigurationList;
			buildConfigurations = (
				741C5B9619021F3F00B21BF7 /* Debug */,
				741C5B9719021F3F00B21BF7 /* Release */,
			);
			defaultConfigurationIsVisible = 0;
		};
/* End XCConfigurationList section */
	};
	rootObject = 741C5B5E19021F3E00B21BF7 /* Project object */;
}
